<?xml version="1.0" encoding="utf-8"?>
<Project ToolsVersion="4.0" xmlns="http://schemas.microsoft.com/developer/msbuild/2003">
  <ItemGroup>
    <Filter Include="Source Files">
      <UniqueIdentifier>{4FC737F1-C7A5-4376-A066-2A32D752A2FF}</UniqueIdentifier>
      <Extensions>cpp;c;cc;cxx;def;odl;idl;hpj;bat;asm;asmx</Extensions>
    </Filter>
    <Filter Include="Header Files">
      <UniqueIdentifier>{93995380-89BD-4b04-88EB-625FBE52EBFB}</UniqueIdentifier>
      <Extensions>h;hh;hpp;hxx;hm;inl;inc;xsd</Extensions>
    </Filter>
    <Filter Include="Resource Files">
      <UniqueIdentifier>{67DA6AB6-F800-4c08-8B7A-83BB121AAD01}</UniqueIdentifier>
      <Extensions>rc;ico;cur;bmp;dlg;rc2;rct;bin;rgs;gif;jpg;jpeg;jpe;resx;tiff;tif;png;wav;mfcribbon-ms</Extensions>
    </Filter>
    <Filter Include="Header Files\states">
      <UniqueIdentifier>{6a6170f5-9691-44a8-b289-2959e719e3d5}</UniqueIdentifier>
    </Filter>
    <Filter Include="Source Files\states">
      <UniqueIdentifier>{7a5ef29c-fded-40ee-90ba-a22c9ec6b244}</UniqueIdentifier>
    </Filter>
    <Filter Include="Header Files\Controllers">
      <UniqueIdentifier>{bcefd22e-5d8d-4f6c-a34f-e5c193df83c2}</UniqueIdentifier>
    </Filter>
    <Filter Include="Source Files\Controllers">
      <UniqueIdentifier>{87bb5956-171a-4965-a9d7-b939cd4a8f8f}</UniqueIdentifier>
    </Filter>
    <Filter Include="Header Files\UI">
      <UniqueIdentifier>{57f0d96e-cd92-477f-bc51-3bcb9003b952}</UniqueIdentifier>
    </Filter>
    <Filter Include="Source Files\UI">
      <UniqueIdentifier>{03e6aa21-bc2c-4459-b14d-b8e2d08aa054}</UniqueIdentifier>
    </Filter>
    <Filter Include="Header Files\Texture Animations">
      <UniqueIdentifier>{c5f0a120-1e23-4a25-9ce2-edd7db424708}</UniqueIdentifier>
    </Filter>
    <Filter Include="Source Files\Texture Animations">
      <UniqueIdentifier>{d14188f6-66cd-4482-911d-1fd5c8455ec7}</UniqueIdentifier>
    </Filter>
    <Filter Include="Header Files\Controllers\cat">
      <UniqueIdentifier>{5283e309-c119-430d-870e-b2094aaf8b33}</UniqueIdentifier>
    </Filter>
    <Filter Include="Source Files\Controllers\cat">
      <UniqueIdentifier>{4706b565-646e-4aa9-a288-26b1630b784a}</UniqueIdentifier>
    </Filter>
    <Filter Include="Header Files\Controllers\minigame">
      <UniqueIdentifier>{9df26ad1-77e6-4283-bd4a-e63d0fdb0c97}</UniqueIdentifier>
    </Filter>
    <Filter Include="Source Files\Controllers\minigame">
      <UniqueIdentifier>{b5ae92a1-3a32-49b0-8a77-3cc0b3e2a200}</UniqueIdentifier>
    </Filter>
    <Filter Include="Header Files\UI\minigame">
      <UniqueIdentifier>{ac18924d-408e-48a4-85e6-5857fe89bcca}</UniqueIdentifier>
    </Filter>
    <Filter Include="Source Files\UI\minigame">
      <UniqueIdentifier>{59a68e5a-5e47-4de0-9391-871ad6a03541}</UniqueIdentifier>
    </Filter>
  </ItemGroup>
  <ItemGroup>
    <ClInclude Include="include\Game.hpp">
      <Filter>Header Files</Filter>
    </ClInclude>
    <ClInclude Include="include\StateIDs.hpp">
      <Filter>Header Files\states</Filter>
    </ClInclude>
    <ClInclude Include="include\WorldClientState.hpp">
      <Filter>Header Files\states</Filter>
    </ClInclude>
    <ClInclude Include="include\MeshIDs.hpp">
      <Filter>Header Files</Filter>
    </ClInclude>
    <ClInclude Include="include\MessageIDs.hpp">
      <Filter>Header Files</Filter>
    </ClInclude>
    <ClInclude Include="include\DayNightCycle.hpp">
      <Filter>Header Files\Controllers</Filter>
    </ClInclude>
    <ClInclude Include="include\RoomLightController.hpp">
      <Filter>Header Files\Controllers</Filter>
    </ClInclude>
    <ClInclude Include="include\BudController.hpp">
      <Filter>Header Files\Controllers</Filter>
    </ClInclude>
    <ClInclude Include="include\Task.hpp">
      <Filter>Header Files\Controllers</Filter>
    </ClInclude>
    <ClInclude Include="include\PathFinder.hpp">
      <Filter>Header Files</Filter>
    </ClInclude>
    <ClInclude Include="include\TravelTask.hpp">
      <Filter>Header Files\Controllers</Filter>
    </ClInclude>
    <ClInclude Include="include\ThinkTask.hpp">
      <Filter>Header Files\Controllers</Filter>
    </ClInclude>
    <ClInclude Include="include\EatTask.hpp">
      <Filter>Header Files\Controllers</Filter>
    </ClInclude>
    <ClInclude Include="include\DrinkTask.hpp">
      <Filter>Header Files\Controllers</Filter>
    </ClInclude>
    <ClInclude Include="include\PoopTask.hpp">
      <Filter>Header Files\Controllers</Filter>
    </ClInclude>
    <ClInclude Include="include\ShowerTask.hpp">
      <Filter>Header Files\Controllers</Filter>
    </ClInclude>
    <ClInclude Include="include\SleepTask.hpp">
      <Filter>Header Files\Controllers</Filter>
    </ClInclude>
    <ClInclude Include="include\TVTask.hpp">
      <Filter>Header Files\Controllers</Filter>
    </ClInclude>
    <ClInclude Include="include\PianoTask.hpp">
      <Filter>Header Files\Controllers</Filter>
    </ClInclude>
    <ClInclude Include="include\ComputerTask.hpp">
      <Filter>Header Files\Controllers</Filter>
    </ClInclude>
    <ClInclude Include="include\MusicTask.hpp">
      <Filter>Header Files\Controllers</Filter>
    </ClInclude>
    <ClInclude Include="include\AttributeManager.hpp">
      <Filter>Header Files</Filter>
    </ClInclude>
    <ClInclude Include="include\IntroState.hpp">
      <Filter>Header Files\states</Filter>
    </ClInclude>
    <ClInclude Include="include\MenuState.hpp">
      <Filter>Header Files\states</Filter>
    </ClInclude>
    <ClInclude Include="include\TabComponent.hpp">
      <Filter>Header Files\UI</Filter>
    </ClInclude>
    <ClInclude Include="include\TimeTab.hpp">
      <Filter>Header Files\UI</Filter>
    </ClInclude>
    <ClInclude Include="include\PersonalTab.hpp">
      <Filter>Header Files\UI</Filter>
    </ClInclude>
    <ClInclude Include="include\ValueBar.hpp">
      <Filter>Header Files\UI</Filter>
    </ClInclude>
    <ClInclude Include="include\HouseholdTab.hpp">
      <Filter>Header Files\UI</Filter>
    </ClInclude>
    <ClInclude Include="include\TreeLightController.hpp">
      <Filter>Header Files\Controllers</Filter>
    </ClInclude>
    <ClInclude Include="include\PriceTag.hpp">
      <Filter>Header Files\UI</Filter>
    </ClInclude>
    <ClInclude Include="include\Printout.hpp">
      <Filter>Header Files\UI</Filter>
    </ClInclude>
    <ClInclude Include="include\GameOverTab.hpp">
      <Filter>Header Files\UI</Filter>
    </ClInclude>
    <ClInclude Include="include\ThinkBubble.hpp">
      <Filter>Header Files\UI</Filter>
    </ClInclude>
    <ClInclude Include="include\TVAnimator.hpp">
      <Filter>Header Files\Texture Animations</Filter>
    </ClInclude>
    <ClInclude Include="include\CurrentActivity.hpp">
      <Filter>Header Files\UI</Filter>
    </ClInclude>
    <ClInclude Include="include\Background.hpp">
      <Filter>Header Files</Filter>
    </ClInclude>
    <ClInclude Include="include\IdleTask.hpp">
      <Filter>Header Files\Controllers</Filter>
    </ClInclude>
    <ClInclude Include="include\WallClock.hpp">
      <Filter>Header Files</Filter>
    </ClInclude>
    <ClInclude Include="include\CatController.hpp">
      <Filter>Header Files\Controllers\cat</Filter>
    </ClInclude>
    <ClInclude Include="include\CatTravelTask.hpp">
      <Filter>Header Files\Controllers\cat</Filter>
    </ClInclude>
    <ClInclude Include="include\CatAnimationTask.hpp">
      <Filter>Header Files\Controllers\cat</Filter>
    </ClInclude>
    <ClInclude Include="include\Vacuum.hpp">
      <Filter>Header Files\Controllers</Filter>
    </ClInclude>
    <ClInclude Include="include\VacuumTask.hpp">
      <Filter>Header Files\Controllers</Filter>
    </ClInclude>
    <ClInclude Include="include\WashTask.hpp">
      <Filter>Header Files\Controllers</Filter>
    </ClInclude>
    <ClInclude Include="resource.h">
      <Filter>Header Files</Filter>
    </ClInclude>
    <ClInclude Include="include\Rain.hpp">
      <Filter>Header Files</Filter>
    </ClInclude>
    <ClInclude Include="include\MGDisplayController.hpp">
      <Filter>Header Files\Controllers\minigame</Filter>
    </ClInclude>
    <ClInclude Include="include\MGRoulette.hpp">
      <Filter>Header Files\Controllers\minigame</Filter>
    </ClInclude>
    <ClInclude Include="include\MGPowerbar.hpp">
      <Filter>Header Files\UI\minigame</Filter>
    </ClInclude>
    <ClInclude Include="include\MGSelector.hpp">
      <Filter>Header Files\UI\minigame</Filter>
    </ClInclude>
  </ItemGroup>
  <ItemGroup>
    <ClCompile Include="src\Game.cpp">
      <Filter>Source Files</Filter>
    </ClCompile>
    <ClCompile Include="src\main.cpp">
      <Filter>Source Files</Filter>
    </ClCompile>
    <ClCompile Include="src\WorldClientState.cpp">
      <Filter>Source Files\states</Filter>
    </ClCompile>
    <ClCompile Include="src\DayNightCycle.cpp">
      <Filter>Source Files\Controllers</Filter>
    </ClCompile>
    <ClCompile Include="src\RoomLightController.cpp">
      <Filter>Source Files\Controllers</Filter>
    </ClCompile>
    <ClCompile Include="src\BudController.cpp">
      <Filter>Source Files\Controllers</Filter>
    </ClCompile>
    <ClCompile Include="src\PathFinder.cpp">
      <Filter>Source Files</Filter>
    </ClCompile>
    <ClCompile Include="src\TravelTask.cpp">
      <Filter>Source Files\Controllers</Filter>
    </ClCompile>
    <ClCompile Include="src\ThinkTask.cpp">
      <Filter>Source Files\Controllers</Filter>
    </ClCompile>
    <ClCompile Include="src\EatTask.cpp">
      <Filter>Source Files\Controllers</Filter>
    </ClCompile>
    <ClCompile Include="src\DrinkTask.cpp">
      <Filter>Source Files\Controllers</Filter>
    </ClCompile>
    <ClCompile Include="src\PoopTask.cpp">
      <Filter>Source Files\Controllers</Filter>
    </ClCompile>
    <ClCompile Include="src\ShowerTask.cpp">
      <Filter>Source Files\Controllers</Filter>
    </ClCompile>
    <ClCompile Include="src\SleepTask.cpp">
      <Filter>Source Files\Controllers</Filter>
    </ClCompile>
    <ClCompile Include="src\TVTask.cpp">
      <Filter>Source Files\Controllers</Filter>
    </ClCompile>
    <ClCompile Include="src\PianoTask.cpp">
      <Filter>Source Files\Controllers</Filter>
    </ClCompile>
    <ClCompile Include="src\ComputerTask.cpp">
      <Filter>Source Files\Controllers</Filter>
    </ClCompile>
    <ClCompile Include="src\MusicTask.cpp">
      <Filter>Source Files\Controllers</Filter>
    </ClCompile>
    <ClCompile Include="src\AttributeManager.cpp">
      <Filter>Source Files</Filter>
    </ClCompile>
    <ClCompile Include="src\IntroState.cpp">
      <Filter>Source Files\states</Filter>
    </ClCompile>
    <ClCompile Include="src\MenuState.cpp">
      <Filter>Source Files\states</Filter>
    </ClCompile>
    <ClCompile Include="src\TabComponent.cpp">
      <Filter>Source Files\UI</Filter>
    </ClCompile>
    <ClCompile Include="src\TimeTab.cpp">
      <Filter>Source Files\UI</Filter>
    </ClCompile>
    <ClCompile Include="src\PersonalTab.cpp">
      <Filter>Source Files\UI</Filter>
    </ClCompile>
    <ClCompile Include="src\ValueBar.cpp">
      <Filter>Source Files\UI</Filter>
    </ClCompile>
    <ClCompile Include="src\HouseholdTab.cpp">
      <Filter>Source Files\UI</Filter>
    </ClCompile>
    <ClCompile Include="src\TreeLightController.cpp">
      <Filter>Source Files\Controllers</Filter>
    </ClCompile>
    <ClCompile Include="src\PriceTag.cpp">
      <Filter>Source Files\UI</Filter>
    </ClCompile>
    <ClCompile Include="src\Printout.cpp">
      <Filter>Source Files\UI</Filter>
    </ClCompile>
    <ClCompile Include="src\GameOverTab.cpp">
      <Filter>Source Files\UI</Filter>
    </ClCompile>
    <ClCompile Include="src\ThinkBubble.cpp">
      <Filter>Source Files\UI</Filter>
    </ClCompile>
    <ClCompile Include="src\TVAnimator.cpp">
      <Filter>Source Files\Texture Animations</Filter>
    </ClCompile>
    <ClCompile Include="src\CurrentActivity.cpp">
      <Filter>Source Files\UI</Filter>
    </ClCompile>
    <ClCompile Include="src\Background.cpp">
      <Filter>Source Files</Filter>
    </ClCompile>
    <ClCompile Include="src\IdleTask.cpp">
      <Filter>Source Files\Controllers</Filter>
    </ClCompile>
    <ClCompile Include="src\WallClock.cpp">
      <Filter>Source Files</Filter>
    </ClCompile>
    <ClCompile Include="src\CatController.cpp">
      <Filter>Source Files\Controllers\cat</Filter>
    </ClCompile>
    <ClCompile Include="src\CatTravelTask.cpp">
      <Filter>Source Files\Controllers\cat</Filter>
    </ClCompile>
    <ClCompile Include="src\CatAnimationTask.cpp">
      <Filter>Source Files\Controllers\cat</Filter>
    </ClCompile>
    <ClCompile Include="src\Vacuum.cpp">
      <Filter>Source Files\Controllers</Filter>
    </ClCompile>
    <ClCompile Include="src\VacuumTask.cpp">
      <Filter>Source Files\Controllers</Filter>
    </ClCompile>
    <ClCompile Include="src\WashTask.cpp">
      <Filter>Source Files\Controllers</Filter>
    </ClCompile>
    <ClCompile Include="src\Rain.cpp">
      <Filter>Source Files</Filter>
    </ClCompile>
    <ClCompile Include="src\MGDisplayController.cpp">
      <Filter>Source Files\Controllers\minigame</Filter>
    </ClCompile>
    <ClCompile Include="src\MGRoulette.cpp">
      <Filter>Source Files\Controllers\minigame</Filter>
    </ClCompile>
    <ClCompile Include="src\MiniGames.cpp">
      <Filter>Source Files\states</Filter>
    </ClCompile>
    <ClCompile Include="src\MGPowerbar.cpp">
      <Filter>Source Files\UI\minigame</Filter>
    </ClCompile>
    <ClCompile Include="src\MGSelector.cpp">
      <Filter>Source Files\UI\minigame</Filter>
    </ClCompile>
  </ItemGroup>
  <ItemGroup>
    <None Include="src\StringConsts.inl">
      <Filter>Header Files</Filter>
    </None>
    <None Include="src\BobStrings.inl">
      <Filter>Header Files</Filter>
    </None>
  </ItemGroup>
  <ItemGroup>
    <ResourceCompile Include="resources\DoodleChum.rc">
      <Filter>Resource Files</Filter>
    </ResourceCompile>
  </ItemGroup>
</Project>